
Microsoft Visual Studio Solution File, Format Version 12.00
# Visual Studio Version 17
VisualStudioVersion = 17.11.35303.130
MinimumVisualStudioVersion = 10.0.40219.1
Project("{FAE04EC0-301F-11D3-BF4B-00C04F79EFBC}") = "introductie3rekenen", "introductie3rekenen\introductie3rekenen.csproj", "{22497914-9404-4E15-908C-B8E7AE4C6998}"
EndProject
Global
	GlobalSection(SolutionConfigurationPlatforms) = preSolution
		Debug|Any CPU = Debug|Any CPU
		Release|Any CPU = Release|Any CPU
	EndGlobalSection
	GlobalSection(ProjectConfigurationPlatforms) = postSolution
		{22497914-9404-4E15-908C-B8E7AE4C6998}.Debug|Any CPU.ActiveCfg = Debug|Any CPU
		{22497914-9404-4E15-908C-B8E7AE4C6998}.Debug|Any CPU.Build.0 = Debug|Any CPU
		{22497914-9404-4E15-908C-B8E7AE4C6998}.Release|Any CPU.ActiveCfg = Release|Any CPU
		{22497914-9404-4E15-908C-B8E7AE4C6998}.Release|Any CPU.Build.0 = Release|Any CPU
	EndGlobalSection
	GlobalSection(SolutionProperties) = preSolution
		HideSolutionNode = FALSE
	EndGlobalSection
	GlobalSection(ExtensibilityGlobals) = postSolution
		SolutionGuid = {92B64D2E-C515-4B76-9A5D-3DB8F41D769D}
	EndGlobalSection
EndGlobal
