
Microsoft Visual Studio Solution File, Format Version 12.00
# Visual Studio Version 17
VisualStudioVersion = 17.11.35303.130
MinimumVisualStudioVersion = 10.0.40219.1
Project("{FAE04EC0-301F-11D3-BF4B-00C04F79EFBC}") = "raadspelletje", "raadspelletje\raadspelletje.csproj", "{649DD7F1-60C8-4A4C-9BE8-AAB22C93A894}"
EndProject
Global
	GlobalSection(SolutionConfigurationPlatforms) = preSolution
		Debug|Any CPU = Debug|Any CPU
		Release|Any CPU = Release|Any CPU
	EndGlobalSection
	GlobalSection(ProjectConfigurationPlatforms) = postSolution
		{649DD7F1-60C8-4A4C-9BE8-AAB22C93A894}.Debug|Any CPU.ActiveCfg = Debug|Any CPU
		{649DD7F1-60C8-4A4C-9BE8-AAB22C93A894}.Debug|Any CPU.Build.0 = Debug|Any CPU
		{649DD7F1-60C8-4A4C-9BE8-AAB22C93A894}.Release|Any CPU.ActiveCfg = Release|Any CPU
		{649DD7F1-60C8-4A4C-9BE8-AAB22C93A894}.Release|Any CPU.Build.0 = Release|Any CPU
	EndGlobalSection
	GlobalSection(SolutionProperties) = preSolution
		HideSolutionNode = FALSE
	EndGlobalSection
	GlobalSection(ExtensibilityGlobals) = postSolution
		SolutionGuid = {33188A5E-EFB6-4579-A83C-B016255FAAB6}
	EndGlobalSection
EndGlobal
